
Microsoft Visual Studio Solution File, Format Version 12.00
Project("{F2A71F9B-5D33-465A-A702-920D77279786}") = "CorrelationFacade", "CorrelationFacade\CorrelationFacade.fsproj", "{83C31845-AE0C-4737-B575-7E70C1ACB3F1}"
EndProject
Global
	GlobalSection(SolutionConfigurationPlatforms) = preSolution
		Debug|Any CPU = Debug|Any CPU
		Release|Any CPU = Release|Any CPU
	EndGlobalSection
	GlobalSection(ProjectConfigurationPlatforms) = postSolution
		{83C31845-AE0C-4737-B575-7E70C1ACB3F1}.Debug|Any CPU.ActiveCfg = Debug|Any CPU
		{83C31845-AE0C-4737-B575-7E70C1ACB3F1}.Debug|Any CPU.Build.0 = Debug|Any CPU
		{83C31845-AE0C-4737-B575-7E70C1ACB3F1}.Release|Any CPU.ActiveCfg = Release|Any CPU
		{83C31845-AE0C-4737-B575-7E70C1ACB3F1}.Release|Any CPU.Build.0 = Release|Any CPU
	EndGlobalSection
EndGlobal
